
Microsoft Visual Studio Solution File, Format Version 12.00
Project("{FAE04EC0-301F-11D3-BF4B-00C04F79EFBC}") = "P2CodeExecution", "P2CodeExecution\P2CodeExecution.csproj", "{ED2CA7F1-1505-4BF4-9B47-CF89A785E446}"
EndProject
Project("{FAE04EC0-301F-11D3-BF4B-00C04F79EFBC}") = "P3PrintingOutput", "P3PrintingOutput\P3PrintingOutput.csproj", "{65BF63AD-5204-4339-9B52-2900BB490D76}"
EndProject
Global
	GlobalSection(SolutionConfigurationPlatforms) = preSolution
		Debug|Any CPU = Debug|Any CPU
		Release|Any CPU = Release|Any CPU
	EndGlobalSection
	GlobalSection(ProjectConfigurationPlatforms) = postSolution
		{ED2CA7F1-1505-4BF4-9B47-CF89A785E446}.Debug|Any CPU.ActiveCfg = Debug|Any CPU
		{ED2CA7F1-1505-4BF4-9B47-CF89A785E446}.Debug|Any CPU.Build.0 = Debug|Any CPU
		{ED2CA7F1-1505-4BF4-9B47-CF89A785E446}.Release|Any CPU.ActiveCfg = Release|Any CPU
		{ED2CA7F1-1505-4BF4-9B47-CF89A785E446}.Release|Any CPU.Build.0 = Release|Any CPU
		{65BF63AD-5204-4339-9B52-2900BB490D76}.Debug|Any CPU.ActiveCfg = Debug|Any CPU
		{65BF63AD-5204-4339-9B52-2900BB490D76}.Debug|Any CPU.Build.0 = Debug|Any CPU
		{65BF63AD-5204-4339-9B52-2900BB490D76}.Release|Any CPU.ActiveCfg = Release|Any CPU
		{65BF63AD-5204-4339-9B52-2900BB490D76}.Release|Any CPU.Build.0 = Release|Any CPU
	EndGlobalSection
EndGlobal
